
Microsoft Visual Studio Solution File, Format Version 11.00
# Visual Studio 2010
Project("{2150E333-8FDC-42A3-9474-1A3956D46DE8}") = "Applications", "Applications", "{1DF21270-E552-4C71-9B3B-35748D220667}"
EndProject
Project("{2150E333-8FDC-42A3-9474-1A3956D46DE8}") = "Libraries", "Libraries", "{E67385E2-1438-42A1-91F2-A671CF302D3F}"
EndProject
Project("{2150E333-8FDC-42A3-9474-1A3956D46DE8}") = "Misc", "Misc", "{74622353-2724-4921-B035-FF32459482A2}"
	ProjectSection(SolutionItems) = preProject
		Authors.txt = Authors.txt
		GNU.txt = GNU.txt
		Readme.txt = Readme.txt
	EndProjectSection
EndProject
Project("{2150E333-8FDC-42A3-9474-1A3956D46DE8}") = "Installers", "Installers", "{9023CC92-9D7B-405C-AF2D-8C5EAEE2BB87}"
	ProjectSection(SolutionItems) = preProject
		src\installers\License.rtf = src\installers\License.rtf
	EndProjectSection
EndProject
Project("{8BC9CEB8-8B4A-11D0-8D11-00A0C91BC942}") = "openmmt", "src\openmmt\openmmt.vcxproj", "{464436B0-3AE6-4CF8-9C5E-E42F056BBB42}"
EndProject
Project("{8BC9CEB8-8B4A-11D0-8D11-00A0C91BC942}") = "libsys", "src\libsys\libsys.vcxproj", "{B5A1EC2A-ADEA-4F19-97C0-CB785F6486F9}"
EndProject
Project("{8BC9CEB8-8B4A-11D0-8D11-00A0C91BC942}") = "libsys32", "src\libsys32\libsys32.vcxproj", "{121C2EEA-45A1-4686-946B-69B7C6DA7BF1}"
EndProject
Project("{8BC9CEB8-8B4A-11D0-8D11-00A0C91BC942}") = "openmmt32", "src\openmmt32\openmmt32.vcxproj", "{6793A779-4EBE-46A1-98D8-42C634E7A1C8}"
EndProject
Global
	GlobalSection(SolutionConfigurationPlatforms) = preSolution
		Debug|Win32 = Debug|Win32
		Debug|x64 = Debug|x64
		Release|Win32 = Release|Win32
		Release|x64 = Release|x64
	EndGlobalSection
	GlobalSection(ProjectConfigurationPlatforms) = postSolution
		{464436B0-3AE6-4CF8-9C5E-E42F056BBB42}.Debug|Win32.ActiveCfg = Debug|Win32
		{464436B0-3AE6-4CF8-9C5E-E42F056BBB42}.Debug|Win32.Build.0 = Debug|Win32
		{464436B0-3AE6-4CF8-9C5E-E42F056BBB42}.Debug|x64.ActiveCfg = Debug|x64
		{464436B0-3AE6-4CF8-9C5E-E42F056BBB42}.Debug|x64.Build.0 = Debug|x64
		{464436B0-3AE6-4CF8-9C5E-E42F056BBB42}.Release|Win32.ActiveCfg = Release|Win32
		{464436B0-3AE6-4CF8-9C5E-E42F056BBB42}.Release|Win32.Build.0 = Release|Win32
		{464436B0-3AE6-4CF8-9C5E-E42F056BBB42}.Release|x64.ActiveCfg = Release|x64
		{464436B0-3AE6-4CF8-9C5E-E42F056BBB42}.Release|x64.Build.0 = Release|x64
		{B5A1EC2A-ADEA-4F19-97C0-CB785F6486F9}.Debug|Win32.ActiveCfg = Debug|Win32
		{B5A1EC2A-ADEA-4F19-97C0-CB785F6486F9}.Debug|Win32.Build.0 = Debug|Win32
		{B5A1EC2A-ADEA-4F19-97C0-CB785F6486F9}.Debug|x64.ActiveCfg = Debug|x64
		{B5A1EC2A-ADEA-4F19-97C0-CB785F6486F9}.Debug|x64.Build.0 = Debug|x64
		{B5A1EC2A-ADEA-4F19-97C0-CB785F6486F9}.Release|Win32.ActiveCfg = Release|Win32
		{B5A1EC2A-ADEA-4F19-97C0-CB785F6486F9}.Release|Win32.Build.0 = Release|Win32
		{B5A1EC2A-ADEA-4F19-97C0-CB785F6486F9}.Release|x64.ActiveCfg = Release|x64
		{B5A1EC2A-ADEA-4F19-97C0-CB785F6486F9}.Release|x64.Build.0 = Release|x64
		{121C2EEA-45A1-4686-946B-69B7C6DA7BF1}.Debug|Win32.ActiveCfg = Debug|Win32
		{121C2EEA-45A1-4686-946B-69B7C6DA7BF1}.Debug|x64.ActiveCfg = Debug|Win32
		{121C2EEA-45A1-4686-946B-69B7C6DA7BF1}.Debug|x64.Build.0 = Debug|Win32
		{121C2EEA-45A1-4686-946B-69B7C6DA7BF1}.Release|Win32.ActiveCfg = Release|Win32
		{121C2EEA-45A1-4686-946B-69B7C6DA7BF1}.Release|x64.ActiveCfg = Release|Win32
		{121C2EEA-45A1-4686-946B-69B7C6DA7BF1}.Release|x64.Build.0 = Release|Win32
		{6793A779-4EBE-46A1-98D8-42C634E7A1C8}.Debug|Win32.ActiveCfg = Debug|Win32
		{6793A779-4EBE-46A1-98D8-42C634E7A1C8}.Debug|x64.ActiveCfg = Debug|Win32
		{6793A779-4EBE-46A1-98D8-42C634E7A1C8}.Debug|x64.Build.0 = Debug|Win32
		{6793A779-4EBE-46A1-98D8-42C634E7A1C8}.Release|Win32.ActiveCfg = Release|Win32
		{6793A779-4EBE-46A1-98D8-42C634E7A1C8}.Release|x64.ActiveCfg = Release|Win32
		{6793A779-4EBE-46A1-98D8-42C634E7A1C8}.Release|x64.Build.0 = Release|Win32
		{90D11077-1C70-4E27-8DC2-3F21D404BED4}.Debug|Win32.ActiveCfg = Debug|x86
		{90D11077-1C70-4E27-8DC2-3F21D404BED4}.Debug|x64.ActiveCfg = Debug|x86
		{90D11077-1C70-4E27-8DC2-3F21D404BED4}.Release|Win32.ActiveCfg = Release|x86
		{90D11077-1C70-4E27-8DC2-3F21D404BED4}.Release|x64.ActiveCfg = Release|x86
	EndGlobalSection
	GlobalSection(SolutionProperties) = preSolution
		HideSolutionNode = FALSE
	EndGlobalSection
	GlobalSection(NestedProjects) = preSolution
		{464436B0-3AE6-4CF8-9C5E-E42F056BBB42} = {1DF21270-E552-4C71-9B3B-35748D220667}
		{6793A779-4EBE-46A1-98D8-42C634E7A1C8} = {1DF21270-E552-4C71-9B3B-35748D220667}
		{B5A1EC2A-ADEA-4F19-97C0-CB785F6486F9} = {E67385E2-1438-42A1-91F2-A671CF302D3F}
		{121C2EEA-45A1-4686-946B-69B7C6DA7BF1} = {E67385E2-1438-42A1-91F2-A671CF302D3F}
		{90D11077-1C70-4E27-8DC2-3F21D404BED4} = {9023CC92-9D7B-405C-AF2D-8C5EAEE2BB87}
	EndGlobalSection
	GlobalSection(ExtensibilityGlobals) = postSolution
		BuildVersion_BuildVersioningStyle = None.None.None.None
	EndGlobalSection
EndGlobal
